
Microsoft Visual Studio Solution File, Format Version 12.00
# Visual Studio Version 16
VisualStudioVersion = 16.0.29326.143
MinimumVisualStudioVersion = 10.0.40219.1
Project("{9A19103F-16F7-4668-BE54-9A1E7A4F7556}") = "RadElement.API", "RadElement.API\RadElement.API.csproj", "{22EAE7D3-0794-4541-AE9A-DC77974F00F2}"
EndProject
Project("{9A19103F-16F7-4668-BE54-9A1E7A4F7556}") = "RadElement.Service.Tests", "RadElement.Service.Tests\RadElement.Service.Tests.csproj", "{CB9A9B38-4F38-46E0-9CCC-3933787A0C0E}"
EndProject
Project("{9A19103F-16F7-4668-BE54-9A1E7A4F7556}") = "RadElement.Core", "RadElement.Core\RadElement.Core.csproj", "{973256E1-51A7-4993-99F4-95262568EC4F}"
EndProject
Project("{9A19103F-16F7-4668-BE54-9A1E7A4F7556}") = "RadElement.Infrastructure", "RadElement.Infrastructure\RadElement.Infrastructure.csproj", "{7AF13984-AB10-426B-A813-E4CE9556EAE7}"
EndProject
Project("{9A19103F-16F7-4668-BE54-9A1E7A4F7556}") = "RadElement.Service", "RadElement.Service\RadElement.Service.csproj", "{D14C7550-85EE-48E8-ACDC-260748BE3AAA}"
EndProject
Project("{FAE04EC0-301F-11D3-BF4B-00C04F79EFBC}") = "RadElement.Data", "RadElement.Data\RadElement.Data.csproj", "{94CCDB86-141F-44B5-8F79-98E436048C02}"
EndProject
Global
	GlobalSection(SolutionConfigurationPlatforms) = preSolution
		Debug|Any CPU = Debug|Any CPU
		Release|Any CPU = Release|Any CPU
	EndGlobalSection
	GlobalSection(ProjectConfigurationPlatforms) = postSolution
		{22EAE7D3-0794-4541-AE9A-DC77974F00F2}.Debug|Any CPU.ActiveCfg = Debug|Any CPU
		{22EAE7D3-0794-4541-AE9A-DC77974F00F2}.Debug|Any CPU.Build.0 = Debug|Any CPU
		{22EAE7D3-0794-4541-AE9A-DC77974F00F2}.Release|Any CPU.ActiveCfg = Release|Any CPU
		{22EAE7D3-0794-4541-AE9A-DC77974F00F2}.Release|Any CPU.Build.0 = Release|Any CPU
		{CB9A9B38-4F38-46E0-9CCC-3933787A0C0E}.Debug|Any CPU.ActiveCfg = Debug|Any CPU
		{CB9A9B38-4F38-46E0-9CCC-3933787A0C0E}.Debug|Any CPU.Build.0 = Debug|Any CPU
		{CB9A9B38-4F38-46E0-9CCC-3933787A0C0E}.Release|Any CPU.ActiveCfg = Release|Any CPU
		{CB9A9B38-4F38-46E0-9CCC-3933787A0C0E}.Release|Any CPU.Build.0 = Release|Any CPU
		{973256E1-51A7-4993-99F4-95262568EC4F}.Debug|Any CPU.ActiveCfg = Debug|Any CPU
		{973256E1-51A7-4993-99F4-95262568EC4F}.Debug|Any CPU.Build.0 = Debug|Any CPU
		{973256E1-51A7-4993-99F4-95262568EC4F}.Release|Any CPU.ActiveCfg = Release|Any CPU
		{973256E1-51A7-4993-99F4-95262568EC4F}.Release|Any CPU.Build.0 = Release|Any CPU
		{7AF13984-AB10-426B-A813-E4CE9556EAE7}.Debug|Any CPU.ActiveCfg = Debug|Any CPU
		{7AF13984-AB10-426B-A813-E4CE9556EAE7}.Debug|Any CPU.Build.0 = Debug|Any CPU
		{7AF13984-AB10-426B-A813-E4CE9556EAE7}.Release|Any CPU.ActiveCfg = Release|Any CPU
		{7AF13984-AB10-426B-A813-E4CE9556EAE7}.Release|Any CPU.Build.0 = Release|Any CPU
		{D14C7550-85EE-48E8-ACDC-260748BE3AAA}.Debug|Any CPU.ActiveCfg = Debug|Any CPU
		{D14C7550-85EE-48E8-ACDC-260748BE3AAA}.Debug|Any CPU.Build.0 = Debug|Any CPU
		{D14C7550-85EE-48E8-ACDC-260748BE3AAA}.Release|Any CPU.ActiveCfg = Release|Any CPU
		{D14C7550-85EE-48E8-ACDC-260748BE3AAA}.Release|Any CPU.Build.0 = Release|Any CPU
		{94CCDB86-141F-44B5-8F79-98E436048C02}.Debug|Any CPU.ActiveCfg = Debug|Any CPU
		{94CCDB86-141F-44B5-8F79-98E436048C02}.Debug|Any CPU.Build.0 = Debug|Any CPU
		{94CCDB86-141F-44B5-8F79-98E436048C02}.Release|Any CPU.ActiveCfg = Release|Any CPU
		{94CCDB86-141F-44B5-8F79-98E436048C02}.Release|Any CPU.Build.0 = Release|Any CPU
	EndGlobalSection
	GlobalSection(SolutionProperties) = preSolution
		HideSolutionNode = FALSE
	EndGlobalSection
	GlobalSection(ExtensibilityGlobals) = postSolution
		SolutionGuid = {6A748E0B-0771-430E-BFF0-B064FB7B998B}
	EndGlobalSection
EndGlobal
